// !$*UTF8*$!
{
	archiveVersion = 1;
	classes = {
	};
	objectVersion = 51;
	objects = {

/* Begin PBXBuildFile section */
		836D41C9600BB161731899F1 /* Pods_CPKit_Demo.framework in Frameworks */ = {isa = PBXBuildFile; fileRef = BCF9E844714D9A0128E73878 /* Pods_CPKit_Demo.framework */; };
		E71930F3234199E000718E24 /* CPAlertController.m in Sources */ = {isa = PBXBuildFile; fileRef = E71930F2234199E000718E24 /* CPAlertController.m */; };
		E753ED0223710AF7007C0036 /* CPBaseTextView.m in Sources */ = {isa = PBXBuildFile; fileRef = E753ED0123710AF7007C0036 /* CPBaseTextView.m */; };
		E761CD302328C306003E8B20 /* NSDate+CPDate.m in Sources */ = {isa = PBXBuildFile; fileRef = E761CD2E2328C306003E8B20 /* NSDate+CPDate.m */; };
		E77F555B233213320071C75D /* MainTabBarBarController.m in Sources */ = {isa = PBXBuildFile; fileRef = E77F555A233213320071C75D /* MainTabBarBarController.m */; };
		E79D82F42318D05900F8CADE /* AppDelegate.m in Sources */ = {isa = PBXBuildFile; fileRef = E79D82F32318D05900F8CADE /* AppDelegate.m */; };
		E79D82F72318D05900F8CADE /* ViewController.m in Sources */ = {isa = PBXBuildFile; fileRef = E79D82F62318D05900F8CADE /* ViewController.m */; };
		E79D82FA2318D05900F8CADE /* Main.storyboard in Resources */ = {isa = PBXBuildFile; fileRef = E79D82F82318D05900F8CADE /* Main.storyboard */; };
		E79D82FC2318D05A00F8CADE /* Assets.xcassets in Resources */ = {isa = PBXBuildFile; fileRef = E79D82FB2318D05A00F8CADE /* Assets.xcassets */; };
		E79D82FF2318D05A00F8CADE /* LaunchScreen.storyboard in Resources */ = {isa = PBXBuildFile; fileRef = E79D82FD2318D05A00F8CADE /* LaunchScreen.storyboard */; };
		E79D83022318D05A00F8CADE /* main.m in Sources */ = {isa = PBXBuildFile; fileRef = E79D83012318D05A00F8CADE /* main.m */; };
		E79D832C2318D20800F8CADE /* UIViewController+CP_Extension.m in Sources */ = {isa = PBXBuildFile; fileRef = E79D830A2318D20800F8CADE /* UIViewController+CP_Extension.m */; };
		E79D832D2318D20800F8CADE /* NSMutableAttributedString+Extension.m in Sources */ = {isa = PBXBuildFile; fileRef = E79D830B2318D20800F8CADE /* NSMutableAttributedString+Extension.m */; };
		E79D832E2318D20800F8CADE /* UITextField+Extension.m in Sources */ = {isa = PBXBuildFile; fileRef = E79D830C2318D20800F8CADE /* UITextField+Extension.m */; };
		E79D832F2318D20800F8CADE /* UIImage+Extension.m in Sources */ = {isa = PBXBuildFile; fileRef = E79D830E2318D20800F8CADE /* UIImage+Extension.m */; };
		E79D83302318D20800F8CADE /* UITableView+Extension.m in Sources */ = {isa = PBXBuildFile; fileRef = E79D83102318D20800F8CADE /* UITableView+Extension.m */; };
		E79D83312318D20800F8CADE /* UIView+CPFrame.m in Sources */ = {isa = PBXBuildFile; fileRef = E79D83172318D20800F8CADE /* UIView+CPFrame.m */; };
		E79D83322318D20800F8CADE /* UIBarButtonItem+Extension.m in Sources */ = {isa = PBXBuildFile; fileRef = E79D83192318D20800F8CADE /* UIBarButtonItem+Extension.m */; };
		E79D83332318D20800F8CADE /* UICollectionView+Extension.m in Sources */ = {isa = PBXBuildFile; fileRef = E79D831A2318D20800F8CADE /* UICollectionView+Extension.m */; };
		E79D83342318D20800F8CADE /* CPStatusTypeView.m in Sources */ = {isa = PBXBuildFile; fileRef = E79D831B2318D20800F8CADE /* CPStatusTypeView.m */; };
		E79D83352318D20800F8CADE /* UITabBarController+Extension.m in Sources */ = {isa = PBXBuildFile; fileRef = E79D831C2318D20800F8CADE /* UITabBarController+Extension.m */; };
		E79D83392318D20800F8CADE /* CPKitManager.m in Sources */ = {isa = PBXBuildFile; fileRef = E79D83282318D20800F8CADE /* CPKitManager.m */; };
		E79D833A2318D20800F8CADE /* BaseViewController.m in Sources */ = {isa = PBXBuildFile; fileRef = E79D832A2318D20800F8CADE /* BaseViewController.m */; };
		E79D835C2318F2A400F8CADE /* CPHeadGifRefresh.m in Sources */ = {isa = PBXBuildFile; fileRef = E79D83502318F2A400F8CADE /* CPHeadGifRefresh.m */; };
		E79D835D2318F2A400F8CADE /* CPFileTool.m in Sources */ = {isa = PBXBuildFile; fileRef = E79D83532318F2A400F8CADE /* CPFileTool.m */; };
		E79D835E2318F2A400F8CADE /* CPFootRefresh.m in Sources */ = {isa = PBXBuildFile; fileRef = E79D83562318F2A400F8CADE /* CPFootRefresh.m */; };
		E79D835F2318F2A400F8CADE /* CPShareController.m in Sources */ = {isa = PBXBuildFile; fileRef = E79D83582318F2A400F8CADE /* CPShareController.m */; };
		E79D83602318F2A400F8CADE /* CPShareModel.m in Sources */ = {isa = PBXBuildFile; fileRef = E79D83592318F2A400F8CADE /* CPShareModel.m */; };
		E79D837323190B3C00F8CADE /* CPUserDefaultTool.m in Sources */ = {isa = PBXBuildFile; fileRef = E79D837223190B3C00F8CADE /* CPUserDefaultTool.m */; };
		E79D839C2319190600F8CADE /* NSString+Extension.m in Sources */ = {isa = PBXBuildFile; fileRef = E79D839B2319190600F8CADE /* NSString+Extension.m */; };
		E79D83A323191A0100F8CADE /* CPCoverView.m in Sources */ = {isa = PBXBuildFile; fileRef = E79D83A123191A0100F8CADE /* CPCoverView.m */; };
		E7E46930233F373700CF6E4E /* CPLayoutBtn.m in Sources */ = {isa = PBXBuildFile; fileRef = E7E4692F233F373700CF6E4E /* CPLayoutBtn.m */; };
		E7E46933233F374000CF6E4E /* CPRoundLab.m in Sources */ = {isa = PBXBuildFile; fileRef = E7E46931233F374000CF6E4E /* CPRoundLab.m */; };
		E7E46936233F374900CF6E4E /* CPNumberBtn.m in Sources */ = {isa = PBXBuildFile; fileRef = E7E46935233F374900CF6E4E /* CPNumberBtn.m */; };
		E7E46939233F385600CF6E4E /* BaseTableViewHeaderFooterView.m in Sources */ = {isa = PBXBuildFile; fileRef = E7E46937233F385600CF6E4E /* BaseTableViewHeaderFooterView.m */; };
		E7E4693C233F385D00CF6E4E /* BaseCollectionReusableView.m in Sources */ = {isa = PBXBuildFile; fileRef = E7E4693B233F385D00CF6E4E /* BaseCollectionReusableView.m */; };
		E7E4693F233F386500CF6E4E /* BaseCollectionViewCell.m in Sources */ = {isa = PBXBuildFile; fileRef = E7E4693D233F386500CF6E4E /* BaseCollectionViewCell.m */; };
		E7E46942233F386E00CF6E4E /* BaseTableViewButtonCell.m in Sources */ = {isa = PBXBuildFile; fileRef = E7E46941233F386E00CF6E4E /* BaseTableViewButtonCell.m */; };
		E7E46945233F387400CF6E4E /* BaseTableViewCell.m in Sources */ = {isa = PBXBuildFile; fileRef = E7E46943233F387400CF6E4E /* BaseTableViewCell.m */; };
		E7E46948233F388100CF6E4E /* BaseTableViewTextFieldCell.m in Sources */ = {isa = PBXBuildFile; fileRef = E7E46947233F388100CF6E4E /* BaseTableViewTextFieldCell.m */; };
/* End PBXBuildFile section */

/* Begin PBXFileReference section */
		AB45F3AFD607836F9FAF4310 /* Pods-CPKit_Demo.release.xcconfig */ = {isa = PBXFileReference; includeInIndex = 1; lastKnownFileType = text.xcconfig; name = "Pods-CPKit_Demo.release.xcconfig"; path = "Target Support Files/Pods-CPKit_Demo/Pods-CPKit_Demo.release.xcconfig"; sourceTree = "<group>"; };
		BCF9E844714D9A0128E73878 /* Pods_CPKit_Demo.framework */ = {isa = PBXFileReference; explicitFileType = wrapper.framework; includeInIndex = 0; path = Pods_CPKit_Demo.framework; sourceTree = BUILT_PRODUCTS_DIR; };
		E71930F1234199E000718E24 /* CPAlertController.h */ = {isa = PBXFileReference; lastKnownFileType = sourcecode.c.h; path = CPAlertController.h; sourceTree = "<group>"; };
		E71930F2234199E000718E24 /* CPAlertController.m */ = {isa = PBXFileReference; lastKnownFileType = sourcecode.c.objc; path = CPAlertController.m; sourceTree = "<group>"; };
		E753ED0023710AF7007C0036 /* CPBaseTextView.h */ = {isa = PBXFileReference; fileEncoding = 4; lastKnownFileType = sourcecode.c.h; path = CPBaseTextView.h; sourceTree = "<group>"; };
		E753ED0123710AF7007C0036 /* CPBaseTextView.m */ = {isa = PBXFileReference; fileEncoding = 4; lastKnownFileType = sourcecode.c.objc; path = CPBaseTextView.m; sourceTree = "<group>"; };
		E761CD2E2328C306003E8B20 /* NSDate+CPDate.m */ = {isa = PBXFileReference; fileEncoding = 4; lastKnownFileType = sourcecode.c.objc; path = "NSDate+CPDate.m"; sourceTree = "<group>"; };
		E761CD2F2328C306003E8B20 /* NSDate+CPDate.h */ = {isa = PBXFileReference; fileEncoding = 4; lastKnownFileType = sourcecode.c.h; path = "NSDate+CPDate.h"; sourceTree = "<group>"; };
		E77F5559233213320071C75D /* MainTabBarBarController.h */ = {isa = PBXFileReference; lastKnownFileType = sourcecode.c.h; path = MainTabBarBarController.h; sourceTree = "<group>"; };
		E77F555A233213320071C75D /* MainTabBarBarController.m */ = {isa = PBXFileReference; lastKnownFileType = sourcecode.c.objc; path = MainTabBarBarController.m; sourceTree = "<group>"; };
		E79D82EF2318D05900F8CADE /* CPKit_Demo.app */ = {isa = PBXFileReference; explicitFileType = wrapper.application; includeInIndex = 0; path = CPKit_Demo.app; sourceTree = BUILT_PRODUCTS_DIR; };
		E79D82F22318D05900F8CADE /* AppDelegate.h */ = {isa = PBXFileReference; lastKnownFileType = sourcecode.c.h; path = AppDelegate.h; sourceTree = "<group>"; };
		E79D82F32318D05900F8CADE /* AppDelegate.m */ = {isa = PBXFileReference; lastKnownFileType = sourcecode.c.objc; path = AppDelegate.m; sourceTree = "<group>"; };
		E79D82F52318D05900F8CADE /* ViewController.h */ = {isa = PBXFileReference; lastKnownFileType = sourcecode.c.h; path = ViewController.h; sourceTree = "<group>"; };
		E79D82F62318D05900F8CADE /* ViewController.m */ = {isa = PBXFileReference; lastKnownFileType = sourcecode.c.objc; path = ViewController.m; sourceTree = "<group>"; };
		E79D82F92318D05900F8CADE /* Base */ = {isa = PBXFileReference; lastKnownFileType = file.storyboard; name = Base; path = Base.lproj/Main.storyboard; sourceTree = "<group>"; };
		E79D82FB2318D05A00F8CADE /* Assets.xcassets */ = {isa = PBXFileReference; lastKnownFileType = folder.assetcatalog; path = Assets.xcassets; sourceTree = "<group>"; };
		E79D82FE2318D05A00F8CADE /* Base */ = {isa = PBXFileReference; lastKnownFileType = file.storyboard; name = Base; path = Base.lproj/LaunchScreen.storyboard; sourceTree = "<group>"; };
		E79D83002318D05A00F8CADE /* Info.plist */ = {isa = PBXFileReference; lastKnownFileType = text.plist.xml; path = Info.plist; sourceTree = "<group>"; };
		E79D83012318D05A00F8CADE /* main.m */ = {isa = PBXFileReference; lastKnownFileType = sourcecode.c.objc; path = main.m; sourceTree = "<group>"; };
		E79D830A2318D20800F8CADE /* UIViewController+CP_Extension.m */ = {isa = PBXFileReference; fileEncoding = 4; lastKnownFileType = sourcecode.c.objc; path = "UIViewController+CP_Extension.m"; sourceTree = "<group>"; };
		E79D830B2318D20800F8CADE /* NSMutableAttributedString+Extension.m */ = {isa = PBXFileReference; fileEncoding = 4; lastKnownFileType = sourcecode.c.objc; path = "NSMutableAttributedString+Extension.m"; sourceTree = "<group>"; };
		E79D830C2318D20800F8CADE /* UITextField+Extension.m */ = {isa = PBXFileReference; fileEncoding = 4; lastKnownFileType = sourcecode.c.objc; path = "UITextField+Extension.m"; sourceTree = "<group>"; };
		E79D830D2318D20800F8CADE /* UIBarButtonItem+Extension.h */ = {isa = PBXFileReference; fileEncoding = 4; lastKnownFileType = sourcecode.c.h; path = "UIBarButtonItem+Extension.h"; sourceTree = "<group>"; };
		E79D830E2318D20800F8CADE /* UIImage+Extension.m */ = {isa = PBXFileReference; fileEncoding = 4; lastKnownFileType = sourcecode.c.objc; path = "UIImage+Extension.m"; sourceTree = "<group>"; };
		E79D830F2318D20800F8CADE /* UIView+CPFrame.h */ = {isa = PBXFileReference; fileEncoding = 4; lastKnownFileType = sourcecode.c.h; path = "UIView+CPFrame.h"; sourceTree = "<group>"; };
		E79D83102318D20800F8CADE /* UITableView+Extension.m */ = {isa = PBXFileReference; fileEncoding = 4; lastKnownFileType = sourcecode.c.objc; path = "UITableView+Extension.m"; sourceTree = "<group>"; };
		E79D83112318D20800F8CADE /* UITabBarController+Extension.h */ = {isa = PBXFileReference; fileEncoding = 4; lastKnownFileType = sourcecode.c.h; path = "UITabBarController+Extension.h"; sourceTree = "<group>"; };
		E79D83122318D20800F8CADE /* CPStatusTypeView.h */ = {isa = PBXFileReference; fileEncoding = 4; lastKnownFileType = sourcecode.c.h; path = CPStatusTypeView.h; sourceTree = "<group>"; };
		E79D83132318D20800F8CADE /* UICollectionView+Extension.h */ = {isa = PBXFileReference; fileEncoding = 4; lastKnownFileType = sourcecode.c.h; path = "UICollectionView+Extension.h"; sourceTree = "<group>"; };
		E79D83142318D20800F8CADE /* NSMutableAttributedString+Extension.h */ = {isa = PBXFileReference; fileEncoding = 4; lastKnownFileType = sourcecode.c.h; path = "NSMutableAttributedString+Extension.h"; sourceTree = "<group>"; };
		E79D83152318D20800F8CADE /* UIViewController+CP_Extension.h */ = {isa = PBXFileReference; fileEncoding = 4; lastKnownFileType = sourcecode.c.h; path = "UIViewController+CP_Extension.h"; sourceTree = "<group>"; };
		E79D83162318D20800F8CADE /* UITextField+Extension.h */ = {isa = PBXFileReference; fileEncoding = 4; lastKnownFileType = sourcecode.c.h; path = "UITextField+Extension.h"; sourceTree = "<group>"; };
		E79D83172318D20800F8CADE /* UIView+CPFrame.m */ = {isa = PBXFileReference; fileEncoding = 4; lastKnownFileType = sourcecode.c.objc; path = "UIView+CPFrame.m"; sourceTree = "<group>"; };
		E79D83182318D20800F8CADE /* UIImage+Extension.h */ = {isa = PBXFileReference; fileEncoding = 4; lastKnownFileType = sourcecode.c.h; path = "UIImage+Extension.h"; sourceTree = "<group>"; };
		E79D83192318D20800F8CADE /* UIBarButtonItem+Extension.m */ = {isa = PBXFileReference; fileEncoding = 4; lastKnownFileType = sourcecode.c.objc; path = "UIBarButtonItem+Extension.m"; sourceTree = "<group>"; };
		E79D831A2318D20800F8CADE /* UICollectionView+Extension.m */ = {isa = PBXFileReference; fileEncoding = 4; lastKnownFileType = sourcecode.c.objc; path = "UICollectionView+Extension.m"; sourceTree = "<group>"; };
		E79D831B2318D20800F8CADE /* CPStatusTypeView.m */ = {isa = PBXFileReference; fileEncoding = 4; lastKnownFileType = sourcecode.c.objc; path = CPStatusTypeView.m; sourceTree = "<group>"; };
		E79D831C2318D20800F8CADE /* UITabBarController+Extension.m */ = {isa = PBXFileReference; fileEncoding = 4; lastKnownFileType = sourcecode.c.objc; path = "UITabBarController+Extension.m"; sourceTree = "<group>"; };
		E79D831D2318D20800F8CADE /* UITableView+Extension.h */ = {isa = PBXFileReference; fileEncoding = 4; lastKnownFileType = sourcecode.c.h; path = "UITableView+Extension.h"; sourceTree = "<group>"; };
		E79D831E2318D20800F8CADE /* CPKit.h */ = {isa = PBXFileReference; fileEncoding = 4; lastKnownFileType = sourcecode.c.h; path = CPKit.h; sourceTree = "<group>"; };
		E79D831F2318D20800F8CADE /* CPKitManager.h */ = {isa = PBXFileReference; fileEncoding = 4; lastKnownFileType = sourcecode.c.h; path = CPKitManager.h; sourceTree = "<group>"; };
		E79D83282318D20800F8CADE /* CPKitManager.m */ = {isa = PBXFileReference; fileEncoding = 4; lastKnownFileType = sourcecode.c.objc; path = CPKitManager.m; sourceTree = "<group>"; };
		E79D832A2318D20800F8CADE /* BaseViewController.m */ = {isa = PBXFileReference; fileEncoding = 4; lastKnownFileType = sourcecode.c.objc; path = BaseViewController.m; sourceTree = "<group>"; };
		E79D832B2318D20800F8CADE /* BaseViewController.h */ = {isa = PBXFileReference; fileEncoding = 4; lastKnownFileType = sourcecode.c.h; path = BaseViewController.h; sourceTree = "<group>"; };
		E79D834F2318F2A400F8CADE /* CPHeadGifRefresh.h */ = {isa = PBXFileReference; fileEncoding = 4; lastKnownFileType = sourcecode.c.h; path = CPHeadGifRefresh.h; sourceTree = "<group>"; };
		E79D83502318F2A400F8CADE /* CPHeadGifRefresh.m */ = {isa = PBXFileReference; fileEncoding = 4; lastKnownFileType = sourcecode.c.objc; path = CPHeadGifRefresh.m; sourceTree = "<group>"; };
		E79D83522318F2A400F8CADE /* CPFileTool.h */ = {isa = PBXFileReference; fileEncoding = 4; lastKnownFileType = sourcecode.c.h; path = CPFileTool.h; sourceTree = "<group>"; };
		E79D83532318F2A400F8CADE /* CPFileTool.m */ = {isa = PBXFileReference; fileEncoding = 4; lastKnownFileType = sourcecode.c.objc; path = CPFileTool.m; sourceTree = "<group>"; };
		E79D83552318F2A400F8CADE /* CPFootRefresh.h */ = {isa = PBXFileReference; fileEncoding = 4; lastKnownFileType = sourcecode.c.h; path = CPFootRefresh.h; sourceTree = "<group>"; };
		E79D83562318F2A400F8CADE /* CPFootRefresh.m */ = {isa = PBXFileReference; fileEncoding = 4; lastKnownFileType = sourcecode.c.objc; path = CPFootRefresh.m; sourceTree = "<group>"; };
		E79D83582318F2A400F8CADE /* CPShareController.m */ = {isa = PBXFileReference; fileEncoding = 4; lastKnownFileType = sourcecode.c.objc; path = CPShareController.m; sourceTree = "<group>"; };
		E79D83592318F2A400F8CADE /* CPShareModel.m */ = {isa = PBXFileReference; fileEncoding = 4; lastKnownFileType = sourcecode.c.objc; path = CPShareModel.m; sourceTree = "<group>"; };
		E79D835A2318F2A400F8CADE /* CPShareController.h */ = {isa = PBXFileReference; fileEncoding = 4; lastKnownFileType = sourcecode.c.h; path = CPShareController.h; sourceTree = "<group>"; };
		E79D835B2318F2A400F8CADE /* CPShareModel.h */ = {isa = PBXFileReference; fileEncoding = 4; lastKnownFileType = sourcecode.c.h; path = CPShareModel.h; sourceTree = "<group>"; };
		E79D837123190B3C00F8CADE /* CPUserDefaultTool.h */ = {isa = PBXFileReference; fileEncoding = 4; lastKnownFileType = sourcecode.c.h; path = CPUserDefaultTool.h; sourceTree = "<group>"; };
		E79D837223190B3C00F8CADE /* CPUserDefaultTool.m */ = {isa = PBXFileReference; fileEncoding = 4; lastKnownFileType = sourcecode.c.objc; path = CPUserDefaultTool.m; sourceTree = "<group>"; };
		E79D839A2319190600F8CADE /* NSString+Extension.h */ = {isa = PBXFileReference; fileEncoding = 4; lastKnownFileType = sourcecode.c.h; path = "NSString+Extension.h"; sourceTree = "<group>"; };
		E79D839B2319190600F8CADE /* NSString+Extension.m */ = {isa = PBXFileReference; fileEncoding = 4; lastKnownFileType = sourcecode.c.objc; path = "NSString+Extension.m"; sourceTree = "<group>"; };
		E79D83A123191A0100F8CADE /* CPCoverView.m */ = {isa = PBXFileReference; fileEncoding = 4; lastKnownFileType = sourcecode.c.objc; path = CPCoverView.m; sourceTree = "<group>"; };
		E79D83A223191A0100F8CADE /* CPCoverView.h */ = {isa = PBXFileReference; fileEncoding = 4; lastKnownFileType = sourcecode.c.h; path = CPCoverView.h; sourceTree = "<group>"; };
		E7E4692E233F373700CF6E4E /* CPLayoutBtn.h */ = {isa = PBXFileReference; fileEncoding = 4; lastKnownFileType = sourcecode.c.h; path = CPLayoutBtn.h; sourceTree = "<group>"; };
		E7E4692F233F373700CF6E4E /* CPLayoutBtn.m */ = {isa = PBXFileReference; fileEncoding = 4; lastKnownFileType = sourcecode.c.objc; path = CPLayoutBtn.m; sourceTree = "<group>"; };
		E7E46931233F374000CF6E4E /* CPRoundLab.m */ = {isa = PBXFileReference; fileEncoding = 4; lastKnownFileType = sourcecode.c.objc; path = CPRoundLab.m; sourceTree = "<group>"; };
		E7E46932233F374000CF6E4E /* CPRoundLab.h */ = {isa = PBXFileReference; fileEncoding = 4; lastKnownFileType = sourcecode.c.h; path = CPRoundLab.h; sourceTree = "<group>"; };
		E7E46934233F374800CF6E4E /* CPNumberBtn.h */ = {isa = PBXFileReference; fileEncoding = 4; lastKnownFileType = sourcecode.c.h; path = CPNumberBtn.h; sourceTree = "<group>"; };
		E7E46935233F374900CF6E4E /* CPNumberBtn.m */ = {isa = PBXFileReference; fileEncoding = 4; lastKnownFileType = sourcecode.c.objc; path = CPNumberBtn.m; sourceTree = "<group>"; };
		E7E46937233F385600CF6E4E /* BaseTableViewHeaderFooterView.m */ = {isa = PBXFileReference; fileEncoding = 4; lastKnownFileType = sourcecode.c.objc; path = BaseTableViewHeaderFooterView.m; sourceTree = "<group>"; };
		E7E46938233F385600CF6E4E /* BaseTableViewHeaderFooterView.h */ = {isa = PBXFileReference; fileEncoding = 4; lastKnownFileType = sourcecode.c.h; path = BaseTableViewHeaderFooterView.h; sourceTree = "<group>"; };
		E7E4693A233F385D00CF6E4E /* BaseCollectionReusableView.h */ = {isa = PBXFileReference; fileEncoding = 4; lastKnownFileType = sourcecode.c.h; path = BaseCollectionReusableView.h; sourceTree = "<group>"; };
		E7E4693B233F385D00CF6E4E /* BaseCollectionReusableView.m */ = {isa = PBXFileReference; fileEncoding = 4; lastKnownFileType = sourcecode.c.objc; path = BaseCollectionReusableView.m; sourceTree = "<group>"; };
		E7E4693D233F386500CF6E4E /* BaseCollectionViewCell.m */ = {isa = PBXFileReference; fileEncoding = 4; lastKnownFileType = sourcecode.c.objc; path = BaseCollectionViewCell.m; sourceTree = "<group>"; };
		E7E4693E233F386500CF6E4E /* BaseCollectionViewCell.h */ = {isa = PBXFileReference; fileEncoding = 4; lastKnownFileType = sourcecode.c.h; path = BaseCollectionViewCell.h; sourceTree = "<group>"; };
		E7E46940233F386E00CF6E4E /* BaseTableViewButtonCell.h */ = {isa = PBXFileReference; fileEncoding = 4; lastKnownFileType = sourcecode.c.h; path = BaseTableViewButtonCell.h; sourceTree = "<group>"; };
		E7E46941233F386E00CF6E4E /* BaseTableViewButtonCell.m */ = {isa = PBXFileReference; fileEncoding = 4; lastKnownFileType = sourcecode.c.objc; path = BaseTableViewButtonCell.m; sourceTree = "<group>"; };
		E7E46943233F387400CF6E4E /* BaseTableViewCell.m */ = {isa = PBXFileReference; fileEncoding = 4; lastKnownFileType = sourcecode.c.objc; path = BaseTableViewCell.m; sourceTree = "<group>"; };
		E7E46944233F387400CF6E4E /* BaseTableViewCell.h */ = {isa = PBXFileReference; fileEncoding = 4; lastKnownFileType = sourcecode.c.h; path = BaseTableViewCell.h; sourceTree = "<group>"; };
		E7E46946233F388100CF6E4E /* BaseTableViewTextFieldCell.h */ = {isa = PBXFileReference; fileEncoding = 4; lastKnownFileType = sourcecode.c.h; path = BaseTableViewTextFieldCell.h; sourceTree = "<group>"; };
		E7E46947233F388100CF6E4E /* BaseTableViewTextFieldCell.m */ = {isa = PBXFileReference; fileEncoding = 4; lastKnownFileType = sourcecode.c.objc; path = BaseTableViewTextFieldCell.m; sourceTree = "<group>"; };
		EEDF24EE66277F852ACB2CC7 /* Pods-CPKit_Demo.debug.xcconfig */ = {isa = PBXFileReference; includeInIndex = 1; lastKnownFileType = text.xcconfig; name = "Pods-CPKit_Demo.debug.xcconfig"; path = "Target Support Files/Pods-CPKit_Demo/Pods-CPKit_Demo.debug.xcconfig"; sourceTree = "<group>"; };
/* End PBXFileReference section */

/* Begin PBXFrameworksBuildPhase section */
		E79D82EC2318D05900F8CADE /* Frameworks */ = {
			isa = PBXFrameworksBuildPhase;
			buildActionMask = 2147483647;
			files = (
				836D41C9600BB161731899F1 /* Pods_CPKit_Demo.framework in Frameworks */,
			);
			runOnlyForDeploymentPostprocessing = 0;
		};
/* End PBXFrameworksBuildPhase section */

/* Begin PBXGroup section */
		533A5ED4A4B29B4B97B76356 /* Pods */ = {
			isa = PBXGroup;
			children = (
				EEDF24EE66277F852ACB2CC7 /* Pods-CPKit_Demo.debug.xcconfig */,
				AB45F3AFD607836F9FAF4310 /* Pods-CPKit_Demo.release.xcconfig */,
			);
			path = Pods;
			sourceTree = "<group>";
		};
		CE836BB04F020CA82B35D304 /* Frameworks */ = {
			isa = PBXGroup;
			children = (
				BCF9E844714D9A0128E73878 /* Pods_CPKit_Demo.framework */,
			);
			name = Frameworks;
			sourceTree = "<group>";
		};
		E71930F0234199C600718E24 /* CPAlertController */ = {
			isa = PBXGroup;
			children = (
				E71930F1234199E000718E24 /* CPAlertController.h */,
				E71930F2234199E000718E24 /* CPAlertController.m */,
			);
			path = CPAlertController;
			sourceTree = "<group>";
		};
		E71930F62341D69E00718E24 /* CPCoverView */ = {
			isa = PBXGroup;
			children = (
				E79D83A223191A0100F8CADE /* CPCoverView.h */,
				E79D83A123191A0100F8CADE /* CPCoverView.m */,
			);
			path = CPCoverView;
			sourceTree = "<group>";
		};
		E71930F72341D6AD00718E24 /* CPFileTool */ = {
			isa = PBXGroup;
			children = (
				E79D83522318F2A400F8CADE /* CPFileTool.h */,
				E79D83532318F2A400F8CADE /* CPFileTool.m */,
			);
			path = CPFileTool;
			sourceTree = "<group>";
		};
		E71930F82341D6D000718E24 /* CPUserDefaultTool */ = {
			isa = PBXGroup;
			children = (
				E79D837123190B3C00F8CADE /* CPUserDefaultTool.h */,
				E79D837223190B3C00F8CADE /* CPUserDefaultTool.m */,
			);
			path = CPUserDefaultTool;
			sourceTree = "<group>";
		};
		E71930FA2341D6E600718E24 /* CPRefresh */ = {
			isa = PBXGroup;
			children = (
				E79D83552318F2A400F8CADE /* CPFootRefresh.h */,
				E79D83562318F2A400F8CADE /* CPFootRefresh.m */,
				E79D834F2318F2A400F8CADE /* CPHeadGifRefresh.h */,
				E79D83502318F2A400F8CADE /* CPHeadGifRefresh.m */,
			);
			path = CPRefresh;
			sourceTree = "<group>";
		};
		E71930FB2341D70B00718E24 /* CPShareController */ = {
			isa = PBXGroup;
			children = (
				E79D83582318F2A400F8CADE /* CPShareController.m */,
				E79D83592318F2A400F8CADE /* CPShareModel.m */,
				E79D835A2318F2A400F8CADE /* CPShareController.h */,
				E79D835B2318F2A400F8CADE /* CPShareModel.h */,
			);
			path = CPShareController;
			sourceTree = "<group>";
		};
		E71930FC2341D71D00718E24 /* CPLayoutBtn */ = {
			isa = PBXGroup;
			children = (
				E7E4692E233F373700CF6E4E /* CPLayoutBtn.h */,
				E7E4692F233F373700CF6E4E /* CPLayoutBtn.m */,
				E7E46932233F374000CF6E4E /* CPRoundLab.h */,
				E7E46931233F374000CF6E4E /* CPRoundLab.m */,
				E7E46934233F374800CF6E4E /* CPNumberBtn.h */,
				E7E46935233F374900CF6E4E /* CPNumberBtn.m */,
			);
			path = CPLayoutBtn;
			sourceTree = "<group>";
		};
		E71930FD2341E29C00718E24 /* CPKitManager */ = {
			isa = PBXGroup;
			children = (
				E79D831F2318D20800F8CADE /* CPKitManager.h */,
				E79D83282318D20800F8CADE /* CPKitManager.m */,
			);
			path = CPKitManager;
			sourceTree = "<group>";
		};
		E71930FE2341E2AE00718E24 /* NSDate+CPDate */ = {
			isa = PBXGroup;
			children = (
				E761CD2F2328C306003E8B20 /* NSDate+CPDate.h */,
				E761CD2E2328C306003E8B20 /* NSDate+CPDate.m */,
			);
			path = "NSDate+CPDate";
			sourceTree = "<group>";
		};
		E71930FF2341E2B800718E24 /* NSString+Extension */ = {
			isa = PBXGroup;
			children = (
				E79D839A2319190600F8CADE /* NSString+Extension.h */,
				E79D839B2319190600F8CADE /* NSString+Extension.m */,
			);
			path = "NSString+Extension";
			sourceTree = "<group>";
		};
		E71931002341E2C300718E24 /* UIViewController+CP_Extension */ = {
			isa = PBXGroup;
			children = (
				E79D83152318D20800F8CADE /* UIViewController+CP_Extension.h */,
				E79D830A2318D20800F8CADE /* UIViewController+CP_Extension.m */,
			);
			path = "UIViewController+CP_Extension";
			sourceTree = "<group>";
		};
		E71931012341E2CD00718E24 /* NSMutableAttributedString+Extension */ = {
			isa = PBXGroup;
			children = (
				E79D83142318D20800F8CADE /* NSMutableAttributedString+Extension.h */,
				E79D830B2318D20800F8CADE /* NSMutableAttributedString+Extension.m */,
			);
			path = "NSMutableAttributedString+Extension";
			sourceTree = "<group>";
		};
		E71931022341E2D700718E24 /* UITextField+Extension */ = {
			isa = PBXGroup;
			children = (
				E79D83162318D20800F8CADE /* UITextField+Extension.h */,
				E79D830C2318D20800F8CADE /* UITextField+Extension.m */,
			);
			path = "UITextField+Extension";
			sourceTree = "<group>";
		};
		E71931032341E2E600718E24 /* UIView+CPFrame */ = {
			isa = PBXGroup;
			children = (
				E79D830F2318D20800F8CADE /* UIView+CPFrame.h */,
				E79D83172318D20800F8CADE /* UIView+CPFrame.m */,
			);
			path = "UIView+CPFrame";
			sourceTree = "<group>";
		};
		E71931042341E2F500718E24 /* UIImage+Extension */ = {
			isa = PBXGroup;
			children = (
				E79D83182318D20800F8CADE /* UIImage+Extension.h */,
				E79D830E2318D20800F8CADE /* UIImage+Extension.m */,
			);
			path = "UIImage+Extension";
			sourceTree = "<group>";
		};
		E71931052341E30400718E24 /* UIBarButtonItem+Extension */ = {
			isa = PBXGroup;
			children = (
				E79D830D2318D20800F8CADE /* UIBarButtonItem+Extension.h */,
				E79D83192318D20800F8CADE /* UIBarButtonItem+Extension.m */,
			);
			path = "UIBarButtonItem+Extension";
			sourceTree = "<group>";
		};
		E71931062341E30F00718E24 /* UITableView_UICollectionView */ = {
			isa = PBXGroup;
			children = (
				E79D831D2318D20800F8CADE /* UITableView+Extension.h */,
				E79D83102318D20800F8CADE /* UITableView+Extension.m */,
				E79D83122318D20800F8CADE /* CPStatusTypeView.h */,
				E79D831B2318D20800F8CADE /* CPStatusTypeView.m */,
				E79D83132318D20800F8CADE /* UICollectionView+Extension.h */,
				E79D831A2318D20800F8CADE /* UICollectionView+Extension.m */,
			);
			path = UITableView_UICollectionView;
			sourceTree = "<group>";
		};
		E71931072341E33E00718E24 /* UITabBarController+Extension */ = {
			isa = PBXGroup;
			children = (
				E79D83112318D20800F8CADE /* UITabBarController+Extension.h */,
				E79D831C2318D20800F8CADE /* UITabBarController+Extension.m */,
			);
			path = "UITabBarController+Extension";
			sourceTree = "<group>";
		};
		E753ECFF23710AF7007C0036 /* CPBaseTextView */ = {
			isa = PBXGroup;
			children = (
				E753ED0023710AF7007C0036 /* CPBaseTextView.h */,
				E753ED0123710AF7007C0036 /* CPBaseTextView.m */,
			);
			path = CPBaseTextView;
			sourceTree = "<group>";
		};
		E77F5558233213180071C75D /* MainTabBarBarController */ = {
			isa = PBXGroup;
			children = (
				E77F5559233213320071C75D /* MainTabBarBarController.h */,
				E77F555A233213320071C75D /* MainTabBarBarController.m */,
			);
			path = MainTabBarBarController;
			sourceTree = "<group>";
		};
		E79D82E62318D05900F8CADE = {
			isa = PBXGroup;
			children = (
				E79D83082318D20800F8CADE /* CPKit */,
				E79D82F12318D05900F8CADE /* CPKit_Demo */,
				E79D82F02318D05900F8CADE /* Products */,
				533A5ED4A4B29B4B97B76356 /* Pods */,
				CE836BB04F020CA82B35D304 /* Frameworks */,
			);
			sourceTree = "<group>";
		};
		E79D82F02318D05900F8CADE /* Products */ = {
			isa = PBXGroup;
			children = (
				E79D82EF2318D05900F8CADE /* CPKit_Demo.app */,
			);
			name = Products;
			sourceTree = "<group>";
		};
		E79D82F12318D05900F8CADE /* CPKit_Demo */ = {
			isa = PBXGroup;
			children = (
				E79D82F22318D05900F8CADE /* AppDelegate.h */,
				E79D82F32318D05900F8CADE /* AppDelegate.m */,
				E79D82F52318D05900F8CADE /* ViewController.h */,
				E79D82F62318D05900F8CADE /* ViewController.m */,
				E77F5558233213180071C75D /* MainTabBarBarController */,
				E79D82F82318D05900F8CADE /* Main.storyboard */,
				E79D82FB2318D05A00F8CADE /* Assets.xcassets */,
				E79D82FD2318D05A00F8CADE /* LaunchScreen.storyboard */,
				E79D83002318D05A00F8CADE /* Info.plist */,
				E79D83012318D05A00F8CADE /* main.m */,
			);
			path = CPKit_Demo;
			sourceTree = "<group>";
		};
		E79D83082318D20800F8CADE /* CPKit */ = {
			isa = PBXGroup;
			children = (
				E79D834D2318F27D00F8CADE /* Views */,
				E79D83092318D20800F8CADE /* Category */,
				E79D831E2318D20800F8CADE /* CPKit.h */,
				E71930FD2341E29C00718E24 /* CPKitManager */,
				E79D83292318D20800F8CADE /* Base */,
			);
			path = CPKit;
			sourceTree = "<group>";
		};
		E79D83092318D20800F8CADE /* Category */ = {
			isa = PBXGroup;
			children = (
				E71931002341E2C300718E24 /* UIViewController+CP_Extension */,
				E71930FF2341E2B800718E24 /* NSString+Extension */,
				E71930FE2341E2AE00718E24 /* NSDate+CPDate */,
				E71931022341E2D700718E24 /* UITextField+Extension */,
				E71931012341E2CD00718E24 /* NSMutableAttributedString+Extension */,
				E71931032341E2E600718E24 /* UIView+CPFrame */,
				E71931042341E2F500718E24 /* UIImage+Extension */,
				E71931052341E30400718E24 /* UIBarButtonItem+Extension */,
				E71931062341E30F00718E24 /* UITableView_UICollectionView */,
				E71931072341E33E00718E24 /* UITabBarController+Extension */,
			);
			path = Category;
			sourceTree = "<group>";
		};
		E79D83292318D20800F8CADE /* Base */ = {
			isa = PBXGroup;
			children = (
				E7E46946233F388100CF6E4E /* BaseTableViewTextFieldCell.h */,
				E7E46947233F388100CF6E4E /* BaseTableViewTextFieldCell.m */,
				E7E46944233F387400CF6E4E /* BaseTableViewCell.h */,
				E7E46943233F387400CF6E4E /* BaseTableViewCell.m */,
				E7E46940233F386E00CF6E4E /* BaseTableViewButtonCell.h */,
				E7E46941233F386E00CF6E4E /* BaseTableViewButtonCell.m */,
				E7E4693E233F386500CF6E4E /* BaseCollectionViewCell.h */,
				E7E4693D233F386500CF6E4E /* BaseCollectionViewCell.m */,
				E7E4693A233F385D00CF6E4E /* BaseCollectionReusableView.h */,
				E7E4693B233F385D00CF6E4E /* BaseCollectionReusableView.m */,
				E7E46938233F385600CF6E4E /* BaseTableViewHeaderFooterView.h */,
				E7E46937233F385600CF6E4E /* BaseTableViewHeaderFooterView.m */,
				E79D832A2318D20800F8CADE /* BaseViewController.m */,
				E79D832B2318D20800F8CADE /* BaseViewController.h */,
			);
			path = Base;
			sourceTree = "<group>";
		};
		E79D834D2318F27D00F8CADE /* Views */ = {
			isa = PBXGroup;
			children = (
				E753ECFF23710AF7007C0036 /* CPBaseTextView */,
				E71930F72341D6AD00718E24 /* CPFileTool */,
				E71930F62341D69E00718E24 /* CPCoverView */,
				E71930F0234199C600718E24 /* CPAlertController */,
				E71930F82341D6D000718E24 /* CPUserDefaultTool */,
				E71930FA2341D6E600718E24 /* CPRefresh */,
				E71930FB2341D70B00718E24 /* CPShareController */,
				E71930FC2341D71D00718E24 /* CPLayoutBtn */,
			);
			path = Views;
			sourceTree = "<group>";
		};
/* End PBXGroup section */

/* Begin PBXNativeTarget section */
		E79D82EE2318D05900F8CADE /* CPKit_Demo */ = {
			isa = PBXNativeTarget;
			buildConfigurationList = E79D83052318D05A00F8CADE /* Build configuration list for PBXNativeTarget "CPKit_Demo" */;
			buildPhases = (
				6B5944B7CFE12DEA280BDE7C /* [CP] Check Pods Manifest.lock */,
				E79D82EB2318D05900F8CADE /* Sources */,
				E79D82EC2318D05900F8CADE /* Frameworks */,
				E79D82ED2318D05900F8CADE /* Resources */,
				5E2D4C12BD6FF8F7973C275D /* [CP] Embed Pods Frameworks */,
			);
			buildRules = (
			);
			dependencies = (
			);
			name = CPKit_Demo;
			productName = CPKit_Demo;
			productReference = E79D82EF2318D05900F8CADE /* CPKit_Demo.app */;
			productType = "com.apple.product-type.application";
		};
/* End PBXNativeTarget section */

/* Begin PBXProject section */
		E79D82E72318D05900F8CADE /* Project object */ = {
			isa = PBXProject;
			attributes = {
				LastUpgradeCheck = 1020;
				ORGANIZATIONNAME = "陈平";
				TargetAttributes = {
					E79D82EE2318D05900F8CADE = {
						CreatedOnToolsVersion = 10.2.1;
					};
				};
			};
			buildConfigurationList = E79D82EA2318D05900F8CADE /* Build configuration list for PBXProject "CPKit_Demo" */;
			compatibilityVersion = "Xcode 9.3";
			developmentRegion = en;
			hasScannedForEncodings = 0;
			knownRegions = (
				en,
				Base,
			);
			mainGroup = E79D82E62318D05900F8CADE;
			productRefGroup = E79D82F02318D05900F8CADE /* Products */;
			projectDirPath = "";
			projectRoot = "";
			targets = (
				E79D82EE2318D05900F8CADE /* CPKit_Demo */,
			);
		};
/* End PBXProject section */

/* Begin PBXResourcesBuildPhase section */
		E79D82ED2318D05900F8CADE /* Resources */ = {
			isa = PBXResourcesBuildPhase;
			buildActionMask = 2147483647;
			files = (
				E79D82FF2318D05A00F8CADE /* LaunchScreen.storyboard in Resources */,
				E79D82FC2318D05A00F8CADE /* Assets.xcassets in Resources */,
				E79D82FA2318D05900F8CADE /* Main.storyboard in Resources */,
			);
			runOnlyForDeploymentPostprocessing = 0;
		};
/* End PBXResourcesBuildPhase section */

/* Begin PBXShellScriptBuildPhase section */
		5E2D4C12BD6FF8F7973C275D /* [CP] Embed Pods Frameworks */ = {
			isa = PBXShellScriptBuildPhase;
			buildActionMask = 2147483647;
			files = (
			);
			inputFileListPaths = (
				"${PODS_ROOT}/Target Support Files/Pods-CPKit_Demo/Pods-CPKit_Demo-frameworks-${CONFIGURATION}-input-files.xcfilelist",
			);
			name = "[CP] Embed Pods Frameworks";
			outputFileListPaths = (
				"${PODS_ROOT}/Target Support Files/Pods-CPKit_Demo/Pods-CPKit_Demo-frameworks-${CONFIGURATION}-output-files.xcfilelist",
			);
			runOnlyForDeploymentPostprocessing = 0;
			shellPath = /bin/sh;
			shellScript = "\"${PODS_ROOT}/Target Support Files/Pods-CPKit_Demo/Pods-CPKit_Demo-frameworks.sh\"\n";
			showEnvVarsInLog = 0;
		};
		6B5944B7CFE12DEA280BDE7C /* [CP] Check Pods Manifest.lock */ = {
			isa = PBXShellScriptBuildPhase;
			buildActionMask = 2147483647;
			files = (
			);
			inputFileListPaths = (
			);
			inputPaths = (
				"${PODS_PODFILE_DIR_PATH}/Podfile.lock",
				"${PODS_ROOT}/Manifest.lock",
			);
			name = "[CP] Check Pods Manifest.lock";
			outputFileListPaths = (
			);
			outputPaths = (
				"$(DERIVED_FILE_DIR)/Pods-CPKit_Demo-checkManifestLockResult.txt",
			);
			runOnlyForDeploymentPostprocessing = 0;
			shellPath = /bin/sh;
			shellScript = "diff \"${PODS_PODFILE_DIR_PATH}/Podfile.lock\" \"${PODS_ROOT}/Manifest.lock\" > /dev/null\nif [ $? != 0 ] ; then\n    # print error to STDERR\n    echo \"error: The sandbox is not in sync with the Podfile.lock. Run 'pod install' or update your CocoaPods installation.\" >&2\n    exit 1\nfi\n# This output is used by Xcode 'outputs' to avoid re-running this script phase.\necho \"SUCCESS\" > \"${SCRIPT_OUTPUT_FILE_0}\"\n";
			showEnvVarsInLog = 0;
		};
/* End PBXShellScriptBuildPhase section */

/* Begin PBXSourcesBuildPhase section */
		E79D82EB2318D05900F8CADE /* Sources */ = {
			isa = PBXSourcesBuildPhase;
			buildActionMask = 2147483647;
			files = (
				E7E46945233F387400CF6E4E /* BaseTableViewCell.m in Sources */,
				E79D82F72318D05900F8CADE /* ViewController.m in Sources */,
				E7E4693C233F385D00CF6E4E /* BaseCollectionReusableView.m in Sources */,
				E79D833A2318D20800F8CADE /* BaseViewController.m in Sources */,
				E7E46930233F373700CF6E4E /* CPLayoutBtn.m in Sources */,
				E79D832F2318D20800F8CADE /* UIImage+Extension.m in Sources */,
				E79D837323190B3C00F8CADE /* CPUserDefaultTool.m in Sources */,
				E79D83602318F2A400F8CADE /* CPShareModel.m in Sources */,
				E79D83A323191A0100F8CADE /* CPCoverView.m in Sources */,
				E761CD302328C306003E8B20 /* NSDate+CPDate.m in Sources */,
				E79D835E2318F2A400F8CADE /* CPFootRefresh.m in Sources */,
				E79D83392318D20800F8CADE /* CPKitManager.m in Sources */,
				E7E46939233F385600CF6E4E /* BaseTableViewHeaderFooterView.m in Sources */,
				E79D832C2318D20800F8CADE /* UIViewController+CP_Extension.m in Sources */,
				E7E46942233F386E00CF6E4E /* BaseTableViewButtonCell.m in Sources */,
				E79D83332318D20800F8CADE /* UICollectionView+Extension.m in Sources */,
				E79D839C2319190600F8CADE /* NSString+Extension.m in Sources */,
				E79D83302318D20800F8CADE /* UITableView+Extension.m in Sources */,
				E79D83322318D20800F8CADE /* UIBarButtonItem+Extension.m in Sources */,
				E79D832D2318D20800F8CADE /* NSMutableAttributedString+Extension.m in Sources */,
				E7E46936233F374900CF6E4E /* CPNumberBtn.m in Sources */,
				E71930F3234199E000718E24 /* CPAlertController.m in Sources */,
				E79D83022318D05A00F8CADE /* main.m in Sources */,
				E7E46933233F374000CF6E4E /* CPRoundLab.m in Sources */,
				E7E4693F233F386500CF6E4E /* BaseCollectionViewCell.m in Sources */,
				E79D835D2318F2A400F8CADE /* CPFileTool.m in Sources */,
				E79D82F42318D05900F8CADE /* AppDelegate.m in Sources */,
				E79D83342318D20800F8CADE /* CPStatusTypeView.m in Sources */,
				E77F555B233213320071C75D /* MainTabBarBarController.m in Sources */,
				E79D83352318D20800F8CADE /* UITabBarController+Extension.m in Sources */,
				E79D835F2318F2A400F8CADE /* CPShareController.m in Sources */,
				E79D832E2318D20800F8CADE /* UITextField+Extension.m in Sources */,
				E7E46948233F388100CF6E4E /* BaseTableViewTextFieldCell.m in Sources */,
				E753ED0223710AF7007C0036 /* CPBaseTextView.m in Sources */,
				E79D835C2318F2A400F8CADE /* CPHeadGifRefresh.m in Sources */,
				E79D83312318D20800F8CADE /* UIView+CPFrame.m in Sources */,
			);
			runOnlyForDeploymentPostprocessing = 0;
		};
/* End PBXSourcesBuildPhase section */

/* Begin PBXVariantGroup section */
		E79D82F82318D05900F8CADE /* Main.storyboard */ = {
			isa = PBXVariantGroup;
			children = (
				E79D82F92318D05900F8CADE /* Base */,
			);
			name = Main.storyboard;
			sourceTree = "<group>";
		};
		E79D82FD2318D05A00F8CADE /* LaunchScreen.storyboard */ = {
			isa = PBXVariantGroup;
			children = (
				E79D82FE2318D05A00F8CADE /* Base */,
			);
			name = LaunchScreen.storyboard;
			sourceTree = "<group>";
		};
/* End PBXVariantGroup section */

/* Begin XCBuildConfiguration section */
		E79D83032318D05A00F8CADE /* Debug */ = {
			isa = XCBuildConfiguration;
			buildSettings = {
				ALWAYS_SEARCH_USER_PATHS = NO;
				CLANG_ANALYZER_NONNULL = YES;
				CLANG_ANALYZER_NUMBER_OBJECT_CONVERSION = YES_AGGRESSIVE;
				CLANG_CXX_LANGUAGE_STANDARD = "gnu++14";
				CLANG_CXX_LIBRARY = "libc++";
				CLANG_ENABLE_MODULES = YES;
				CLANG_ENABLE_OBJC_ARC = YES;
				CLANG_ENABLE_OBJC_WEAK = YES;
				CLANG_WARN_BLOCK_CAPTURE_AUTORELEASING = YES;
				CLANG_WARN_BOOL_CONVERSION = YES;
				CLANG_WARN_COMMA = YES;
				CLANG_WARN_CONSTANT_CONVERSION = YES;
				CLANG_WARN_DEPRECATED_OBJC_IMPLEMENTATIONS = YES;
				CLANG_WARN_DIRECT_OBJC_ISA_USAGE = YES_ERROR;
				CLANG_WARN_DOCUMENTATION_COMMENTS = YES;
				CLANG_WARN_EMPTY_BODY = YES;
				CLANG_WARN_ENUM_CONVERSION = YES;
				CLANG_WARN_INFINITE_RECURSION = YES;
				CLANG_WARN_INT_CONVERSION = YES;
				CLANG_WARN_NON_LITERAL_NULL_CONVERSION = YES;
				CLANG_WARN_OBJC_IMPLICIT_RETAIN_SELF = YES;
				CLANG_WARN_OBJC_LITERAL_CONVERSION = YES;
				CLANG_WARN_OBJC_ROOT_CLASS = YES_ERROR;
				CLANG_WARN_RANGE_LOOP_ANALYSIS = YES;
				CLANG_WARN_STRICT_PROTOTYPES = YES;
				CLANG_WARN_SUSPICIOUS_MOVE = YES;
				CLANG_WARN_UNGUARDED_AVAILABILITY = YES_AGGRESSIVE;
				CLANG_WARN_UNREACHABLE_CODE = YES;
				CLANG_WARN__DUPLICATE_METHOD_MATCH = YES;
				CODE_SIGN_IDENTITY = "iPhone Developer";
				COPY_PHASE_STRIP = NO;
				DEBUG_INFORMATION_FORMAT = dwarf;
				ENABLE_STRICT_OBJC_MSGSEND = YES;
				ENABLE_TESTABILITY = YES;
				GCC_C_LANGUAGE_STANDARD = gnu11;
				GCC_DYNAMIC_NO_PIC = NO;
				GCC_NO_COMMON_BLOCKS = YES;
				GCC_OPTIMIZATION_LEVEL = 0;
				GCC_PREPROCESSOR_DEFINITIONS = (
					"DEBUG=1",
					"$(inherited)",
				);
				GCC_WARN_64_TO_32_BIT_CONVERSION = YES;
				GCC_WARN_ABOUT_RETURN_TYPE = YES_ERROR;
				GCC_WARN_UNDECLARED_SELECTOR = YES;
				GCC_WARN_UNINITIALIZED_AUTOS = YES_AGGRESSIVE;
				GCC_WARN_UNUSED_FUNCTION = YES;
				GCC_WARN_UNUSED_VARIABLE = YES;
				IPHONEOS_DEPLOYMENT_TARGET = 12.2;
				MTL_ENABLE_DEBUG_INFO = INCLUDE_SOURCE;
				MTL_FAST_MATH = YES;
				ONLY_ACTIVE_ARCH = YES;
				SDKROOT = iphoneos;
			};
			name = Debug;
		};
		E79D83042318D05A00F8CADE /* Release */ = {
			isa = XCBuildConfiguration;
			buildSettings = {
				ALWAYS_SEARCH_USER_PATHS = NO;
				CLANG_ANALYZER_NONNULL = YES;
				CLANG_ANALYZER_NUMBER_OBJECT_CONVERSION = YES_AGGRESSIVE;
				CLANG_CXX_LANGUAGE_STANDARD = "gnu++14";
				CLANG_CXX_LIBRARY = "libc++";
				CLANG_ENABLE_MODULES = YES;
				CLANG_ENABLE_OBJC_ARC = YES;
				CLANG_ENABLE_OBJC_WEAK = YES;
				CLANG_WARN_BLOCK_CAPTURE_AUTORELEASING = YES;
				CLANG_WARN_BOOL_CONVERSION = YES;
				CLANG_WARN_COMMA = YES;
				CLANG_WARN_CONSTANT_CONVERSION = YES;
				CLANG_WARN_DEPRECATED_OBJC_IMPLEMENTATIONS = YES;
				CLANG_WARN_DIRECT_OBJC_ISA_USAGE = YES_ERROR;
				CLANG_WARN_DOCUMENTATION_COMMENTS = YES;
				CLANG_WARN_EMPTY_BODY = YES;
				CLANG_WARN_ENUM_CONVERSION = YES;
				CLANG_WARN_INFINITE_RECURSION = YES;
				CLANG_WARN_INT_CONVERSION = YES;
				CLANG_WARN_NON_LITERAL_NULL_CONVERSION = YES;
				CLANG_WARN_OBJC_IMPLICIT_RETAIN_SELF = YES;
				CLANG_WARN_OBJC_LITERAL_CONVERSION = YES;
				CLANG_WARN_OBJC_ROOT_CLASS = YES_ERROR;
				CLANG_WARN_RANGE_LOOP_ANALYSIS = YES;
				CLANG_WARN_STRICT_PROTOTYPES = YES;
				CLANG_WARN_SUSPICIOUS_MOVE = YES;
				CLANG_WARN_UNGUARDED_AVAILABILITY = YES_AGGRESSIVE;
				CLANG_WARN_UNREACHABLE_CODE = YES;
				CLANG_WARN__DUPLICATE_METHOD_MATCH = YES;
				CODE_SIGN_IDENTITY = "iPhone Developer";
				COPY_PHASE_STRIP = NO;
				DEBUG_INFORMATION_FORMAT = "dwarf-with-dsym";
				ENABLE_NS_ASSERTIONS = NO;
				ENABLE_STRICT_OBJC_MSGSEND = YES;
				GCC_C_LANGUAGE_STANDARD = gnu11;
				GCC_NO_COMMON_BLOCKS = YES;
				GCC_WARN_64_TO_32_BIT_CONVERSION = YES;
				GCC_WARN_ABOUT_RETURN_TYPE = YES_ERROR;
				GCC_WARN_UNDECLARED_SELECTOR = YES;
				GCC_WARN_UNINITIALIZED_AUTOS = YES_AGGRESSIVE;
				GCC_WARN_UNUSED_FUNCTION = YES;
				GCC_WARN_UNUSED_VARIABLE = YES;
				IPHONEOS_DEPLOYMENT_TARGET = 12.2;
				MTL_ENABLE_DEBUG_INFO = NO;
				MTL_FAST_MATH = YES;
				SDKROOT = iphoneos;
				VALIDATE_PRODUCT = YES;
			};
			name = Release;
		};
		E79D83062318D05A00F8CADE /* Debug */ = {
			isa = XCBuildConfiguration;
			baseConfigurationReference = EEDF24EE66277F852ACB2CC7 /* Pods-CPKit_Demo.debug.xcconfig */;
			buildSettings = {
				ASSETCATALOG_COMPILER_APPICON_NAME = AppIcon;
				CODE_SIGN_STYLE = Automatic;
				DEVELOPMENT_TEAM = B6PF65T96J;
				INFOPLIST_FILE = CPKit_Demo/Info.plist;
				LD_RUNPATH_SEARCH_PATHS = (
					"$(inherited)",
					"@executable_path/Frameworks",
				);
				PRODUCT_BUNDLE_IDENTIFIER = "com.chenp.CPKit-Demo";
				PRODUCT_NAME = "$(TARGET_NAME)";
				TARGETED_DEVICE_FAMILY = "1,2";
			};
			name = Debug;
		};
		E79D83072318D05A00F8CADE /* Release */ = {
			isa = XCBuildConfiguration;
			baseConfigurationReference = AB45F3AFD607836F9FAF4310 /* Pods-CPKit_Demo.release.xcconfig */;
			buildSettings = {
				ASSETCATALOG_COMPILER_APPICON_NAME = AppIcon;
				CODE_SIGN_STYLE = Automatic;
				DEVELOPMENT_TEAM = B6PF65T96J;
				INFOPLIST_FILE = CPKit_Demo/Info.plist;
				LD_RUNPATH_SEARCH_PATHS = (
					"$(inherited)",
					"@executable_path/Frameworks",
				);
				PRODUCT_BUNDLE_IDENTIFIER = "com.chenp.CPKit-Demo";
				PRODUCT_NAME = "$(TARGET_NAME)";
				TARGETED_DEVICE_FAMILY = "1,2";
			};
			name = Release;
		};
/* End XCBuildConfiguration section */

/* Begin XCConfigurationList section */
		E79D82EA2318D05900F8CADE /* Build configuration list for PBXProject "CPKit_Demo" */ = {
			isa = XCConfigurationList;
			buildConfigurations = (
				E79D83032318D05A00F8CADE /* Debug */,
				E79D83042318D05A00F8CADE /* Release */,
			);
			defaultConfigurationIsVisible = 0;
			defaultConfigurationName = Release;
		};
		E79D83052318D05A00F8CADE /* Build configuration list for PBXNativeTarget "CPKit_Demo" */ = {
			isa = XCConfigurationList;
			buildConfigurations = (
				E79D83062318D05A00F8CADE /* Debug */,
				E79D83072318D05A00F8CADE /* Release */,
			);
			defaultConfigurationIsVisible = 0;
			defaultConfigurationName = Release;
		};
/* End XCConfigurationList section */
	};
	rootObject = E79D82E72318D05900F8CADE /* Project object */;
}
